
Microsoft Visual Studio Solution File, Format Version 12.00
# Visual Studio Version 17
VisualStudioVersion = 17.3.32901.215
MinimumVisualStudioVersion = 10.0.40219.1
Project("{FAE04EC0-301F-11D3-BF4B-00C04F79EFBC}") = "DotNetCoreOJTProject", "DotNetCoreOJTProject\DotNetCoreOJTProject.csproj", "{90C74885-C7AD-416E-9E96-2C71E0BEC2CF}"
EndProject
Global
	GlobalSection(SolutionConfigurationPlatforms) = preSolution
		Debug|Any CPU = Debug|Any CPU
		Release|Any CPU = Release|Any CPU
	EndGlobalSection
	GlobalSection(ProjectConfigurationPlatforms) = postSolution
		{90C74885-C7AD-416E-9E96-2C71E0BEC2CF}.Debug|Any CPU.ActiveCfg = Debug|Any CPU
		{90C74885-C7AD-416E-9E96-2C71E0BEC2CF}.Debug|Any CPU.Build.0 = Debug|Any CPU
		{90C74885-C7AD-416E-9E96-2C71E0BEC2CF}.Release|Any CPU.ActiveCfg = Release|Any CPU
		{90C74885-C7AD-416E-9E96-2C71E0BEC2CF}.Release|Any CPU.Build.0 = Release|Any CPU
	EndGlobalSection
	GlobalSection(SolutionProperties) = preSolution
		HideSolutionNode = FALSE
	EndGlobalSection
	GlobalSection(ExtensibilityGlobals) = postSolution
		SolutionGuid = {FC807EE1-D16F-4F55-BEB0-D6835D65E529}
	EndGlobalSection
EndGlobal
